{
  "version": 4,
  "terraform_version": "0.14.6",
  "serial": 17,
  "lineage": "8aca8a3c-4b89-8494-f1d1-6e2d789e8ba2",
  "outputs": {},
  "resources": [
    {
      "mode": "data",
      "type": "google_kms_crypto_key_version",
      "name": "secret_version",
      "provider": "provider[\"registry.terraform.io/hashicorp/google\"]",
      "instances": [
        {
          "schema_version": 0,
          "attributes": {
            "algorithm": "RSA_SIGN_PSS_2048_SHA256",
            "crypto_key": "projects/modular-scout-345114/locations/us-central1/keyRings/keyring-example04/cryptoKeys/crypto-key-example",
            "id": "//cloudkms.googleapis.com/v1/projects/modular-scout-345114/locations/us-central1/keyRings/keyring-example04/cryptoKeys/crypto-key-example/cryptoKeyVersions/1",
            "name": "projects/modular-scout-345114/locations/us-central1/keyRings/keyring-example04/cryptoKeys/crypto-key-example/cryptoKeyVersions/1",
            "protection_level": "HSM",
            "public_key": [
              {
                "algorithm": "RSA_SIGN_PSS_2048_SHA256",
                "pem": "-----BEGIN PUBLIC KEY-----\nMIIBIjANBgkqhkiG9w0BAQEFAAOCAQ8AMIIBCgKCAQEAq20ytdZRQoF+jvJkCg/A\nTMrUC+sEZpKMWEWQfL85rKHX2QpW/EnRoLoybQ4eibe6hfFKkuG0ht3vdki9zgBh\nrzXrBVgHwfcaK3aGdSTYdfnHmzHXezv+1lJepvE/IrzN5pVDc2pqKio796jOCRie\nEfmkWTPWmPHSk6SSv2WN8gyZeIizKkflyL4yIrL/5xQZ0ziQy+USluXgBN3TKHf3\nJyWr2QThTVKNhoUihr5KjTMYrSeZDY/inGX0MygflI8AGWEJELCyiWxu3xQKHrbD\nO3NW/qaCi+9ss3WT4i5G244GO4sx6mIkIJQbILV5u2gQ4WAv6BeEpLqy3kB7mhjk\nPQIDAQAB\n-----END PUBLIC KEY-----\n"
              }
            ],
            "state": "ENABLED",
            "version": 1
          },
          "sensitive_attributes": []
        }
      ]
    },
    {
      "mode": "managed",
      "type": "google_kms_crypto_key",
      "name": "secret",
      "provider": "provider[\"registry.terraform.io/hashicorp/google\"]",
      "instances": [
        {
          "schema_version": 1,
          "attributes": {
            "destroy_scheduled_duration": "86400s",
            "id": "projects/modular-scout-345114/locations/us-central1/keyRings/keyring-example04/cryptoKeys/crypto-key-example",
            "import_only": false,
            "key_ring": "projects/modular-scout-345114/locations/us-central1/keyRings/keyring-example04",
            "labels": null,
            "name": "crypto-key-example",
            "purpose": "ASYMMETRIC_SIGN",
            "rotation_period": "",
            "skip_initial_version_creation": false,
            "timeouts": null,
            "version_template": [
              {
                "algorithm": "RSA_SIGN_PSS_2048_SHA256",
                "protection_level": "HSM"
              }
            ]
          },
          "sensitive_attributes": [],
          "private": "eyJlMmJmYjczMC1lY2FhLTExZTYtOGY4OC0zNDM2M2JjN2M0YzAiOnsiY3JlYXRlIjoxMjAwMDAwMDAwMDAwLCJkZWxldGUiOjEyMDAwMDAwMDAwMDAsInVwZGF0ZSI6MTIwMDAwMDAwMDAwMH0sInNjaGVtYV92ZXJzaW9uIjoiMSJ9",
          "dependencies": [
            "google_kms_key_ring.keyring"
          ]
        }
      ]
    },
    {
      "mode": "managed",
      "type": "google_kms_crypto_key_iam_member",
      "name": "cas_kms_signer",
      "provider": "provider[\"registry.terraform.io/hashicorp/google\"]",
      "instances": [
        {
          "schema_version": 0,
          "attributes": {
            "condition": [],
            "crypto_key_id": "projects/modular-scout-345114/locations/us-central1/keyRings/keyring-example04/cryptoKeys/crypto-key-example",
            "etag": "BwXjwuf+sZs=",
            "id": "projects/modular-scout-345114/locations/us-central1/keyRings/keyring-example04/cryptoKeys/crypto-key-example/roles/cloudkms.signerVerifier/serviceAccount:service-1080178441487@gcp-sa-privateca.iam.gserviceaccount.com",
            "member": "serviceAccount:service-1080178441487@gcp-sa-privateca.iam.gserviceaccount.com",
            "role": "roles/cloudkms.signerVerifier"
          },
          "sensitive_attributes": [],
          "private": "bnVsbA==",
          "dependencies": [
            "google_kms_crypto_key.secret",
            "google_kms_key_ring.keyring",
            "google_project_service_identity.privateca_sa"
          ]
        }
      ]
    },
    {
      "mode": "managed",
      "type": "google_kms_crypto_key_iam_member",
      "name": "cas_kms_viewer",
      "provider": "provider[\"registry.terraform.io/hashicorp/google\"]",
      "instances": [
        {
          "schema_version": 0,
          "attributes": {
            "condition": [],
            "crypto_key_id": "projects/modular-scout-345114/locations/us-central1/keyRings/keyring-example04/cryptoKeys/crypto-key-example",
            "etag": "BwXjwuf+sZs=",
            "id": "projects/modular-scout-345114/locations/us-central1/keyRings/keyring-example04/cryptoKeys/crypto-key-example/roles/viewer/serviceAccount:service-1080178441487@gcp-sa-privateca.iam.gserviceaccount.com",
            "member": "serviceAccount:service-1080178441487@gcp-sa-privateca.iam.gserviceaccount.com",
            "role": "roles/viewer"
          },
          "sensitive_attributes": [],
          "private": "bnVsbA==",
          "dependencies": [
            "google_kms_crypto_key.secret",
            "google_kms_key_ring.keyring",
            "google_project_service_identity.privateca_sa"
          ]
        }
      ]
    },
    {
      "mode": "managed",
      "type": "google_kms_key_ring",
      "name": "keyring",
      "provider": "provider[\"registry.terraform.io/hashicorp/google\"]",
      "instances": [
        {
          "schema_version": 0,
          "attributes": {
            "id": "projects/modular-scout-345114/locations/us-central1/keyRings/keyring-example04",
            "location": "us-central1",
            "name": "keyring-example04",
            "project": "modular-scout-345114",
            "timeouts": null
          },
          "sensitive_attributes": [],
          "private": "eyJlMmJmYjczMC1lY2FhLTExZTYtOGY4OC0zNDM2M2JjN2M0YzAiOnsiY3JlYXRlIjoxMjAwMDAwMDAwMDAwLCJkZWxldGUiOjEyMDAwMDAwMDAwMDB9fQ=="
        }
      ]
    },
    {
      "mode": "managed",
      "type": "google_privateca_ca_pool",
      "name": "example_ca_pool_enterprise",
      "provider": "provider[\"registry.terraform.io/hashicorp/google\"]",
      "instances": [
        {
          "schema_version": 0,
          "attributes": {
            "id": "projects/modular-scout-345114/locations/us-central1/caPools/my-pool03",
            "issuance_policy": [
              {
                "allowed_issuance_modes": [
                  {
                    "allow_config_based_issuance": true,
                    "allow_csr_based_issuance": true
                  }
                ],
                "allowed_key_types": [
                  {
                    "elliptic_curve": [
                      {
                        "signature_algorithm": "ECDSA_P256"
                      }
                    ],
                    "rsa": []
                  },
                  {
                    "elliptic_curve": [],
                    "rsa": [
                      {
                        "max_modulus_size": "10",
                        "min_modulus_size": "5"
                      }
                    ]
                  }
                ],
                "baseline_values": [
                  {
                    "additional_extensions": [
                      {
                        "critical": true,
                        "object_id": [
                          {
                            "object_id_path": [
                              1,
                              7
                            ]
                          }
                        ],
                        "value": "asdf"
                      }
                    ],
                    "aia_ocsp_servers": [
                      "example.com"
                    ],
                    "ca_options": [
                      {
                        "is_ca": true,
                        "max_issuer_path_length": 10,
                        "non_ca": false,
                        "zero_max_issuer_path_length": false
                      }
                    ],
                    "key_usage": [
                      {
                        "base_key_usage": [
                          {
                            "cert_sign": false,
                            "content_commitment": true,
                            "crl_sign": true,
                            "data_encipherment": true,
                            "decipher_only": true,
                            "digital_signature": true,
                            "encipher_only": false,
                            "key_agreement": true,
                            "key_encipherment": false
                          }
                        ],
                        "extended_key_usage": [
                          {
                            "client_auth": false,
                            "code_signing": true,
                            "email_protection": true,
                            "ocsp_signing": false,
                            "server_auth": true,
                            "time_stamping": true
                          }
                        ],
                        "unknown_extended_key_usages": []
                      }
                    ],
                    "policy_ids": [
                      {
                        "object_id_path": [
                          1,
                          5
                        ]
                      },
                      {
                        "object_id_path": [
                          1,
                          5,
                          7
                        ]
                      }
                    ]
                  }
                ],
                "identity_constraints": [
                  {
                    "allow_subject_alt_names_passthrough": true,
                    "allow_subject_passthrough": true,
                    "cel_expression": [
                      {
                        "description": "",
                        "expression": "subject_alt_names.all(san, san.type == DNS || san.type == EMAIL )",
                        "location": "",
                        "title": "My title"
                      }
                    ]
                  }
                ],
                "maximum_lifetime": "50000s"
              }
            ],
            "labels": {
              "foo": "bar"
            },
            "location": "us-central1",
            "name": "my-pool03",
            "project": "modular-scout-345114",
            "publishing_options": [
              {
                "publish_ca_cert": false,
                "publish_crl": true
              }
            ],
            "tier": "ENTERPRISE",
            "timeouts": null
          },
          "sensitive_attributes": [],
          "private": "eyJlMmJmYjczMC1lY2FhLTExZTYtOGY4OC0zNDM2M2JjN2M0YzAiOnsiY3JlYXRlIjoxMjAwMDAwMDAwMDAwLCJkZWxldGUiOjEyMDAwMDAwMDAwMDAsInVwZGF0ZSI6MTIwMDAwMDAwMDAwMH19"
        }
      ]
    },
    {
      "mode": "managed",
      "type": "google_privateca_ca_pool_iam_member",
      "name": "policy",
      "provider": "provider[\"registry.terraform.io/hashicorp/google\"]",
      "instances": [
        {
          "schema_version": 0,
          "attributes": {
            "ca_pool": "projects/modular-scout-345114/locations/us-central1/caPools/my-pool03",
            "condition": [],
            "etag": "BwXjwuDS+pM=",
            "id": "projects/modular-scout-345114/locations/us-central1/caPools/my-pool03/roles/privateca.certificateManager/serviceAccount:service-1080178441487@gcp-sa-privateca.iam.gserviceaccount.com",
            "location": "us-central1",
            "member": "serviceAccount:service-1080178441487@gcp-sa-privateca.iam.gserviceaccount.com",
            "project": "modular-scout-345114",
            "role": "roles/privateca.certificateManager"
          },
          "sensitive_attributes": [],
          "private": "bnVsbA==",
          "dependencies": [
            "google_privateca_ca_pool.example_ca_pool_enterprise",
            "google_project_service_identity.privateca_sa"
          ]
        }
      ]
    },
    {
      "mode": "managed",
      "type": "google_privateca_certificate_authority",
      "name": "default",
      "provider": "provider[\"registry.terraform.io/hashicorp/google\"]",
      "instances": [
        {
          "schema_version": 0,
          "attributes": {
            "access_urls": [
              {
                "ca_certificate_access_url": "",
                "crl_access_urls": [
                  "http://default203.storage.googleapis.com/56d2bfcfd15aeed6f057/crl.crl"
                ]
              }
            ],
            "certificate_authority_id": "my-certificate-authority",
            "config": [
              {
                "subject_config": [
                  {
                    "subject": [
                      {
                        "common_name": "my-certificate-authority",
                        "country_code": "",
                        "locality": "",
                        "organization": "HashiCorp",
                        "organizational_unit": "",
                        "postal_code": "",
                        "province": "",
                        "street_address": ""
                      }
                    ],
                    "subject_alt_name": [
                      {
                        "dns_names": [
                          "hashicorp.com"
                        ],
                        "email_addresses": null,
                        "ip_addresses": null,
                        "uris": null
                      }
                    ]
                  }
                ],
                "x509_config": [
                  {
                    "additional_extensions": [],
                    "aia_ocsp_servers": null,
                    "ca_options": [
                      {
                        "is_ca": true,
                        "max_issuer_path_length": 10,
                        "non_ca": false,
                        "zero_max_issuer_path_length": false
                      }
                    ],
                    "key_usage": [
                      {
                        "base_key_usage": [
                          {
                            "cert_sign": true,
                            "content_commitment": true,
                            "crl_sign": true,
                            "data_encipherment": true,
                            "decipher_only": true,
                            "digital_signature": true,
                            "encipher_only": false,
                            "key_agreement": true,
                            "key_encipherment": false
                          }
                        ],
                        "extended_key_usage": [
                          {
                            "client_auth": false,
                            "code_signing": true,
                            "email_protection": true,
                            "ocsp_signing": false,
                            "server_auth": true,
                            "time_stamping": true
                          }
                        ],
                        "unknown_extended_key_usages": []
                      }
                    ],
                    "policy_ids": []
                  }
                ]
              }
            ],
            "create_time": "2022-07-14T12:19:10.804124502Z",
            "deletion_protection": false,
            "desired_state": null,
            "gcs_bucket": "default203",
            "id": "projects/modular-scout-345114/locations/us-central1/caPools/my-pool03/certificateAuthorities/my-certificate-authority",
            "ignore_active_certificates_on_deletion": false,
            "key_spec": [
              {
                "algorithm": "",
                "cloud_kms_key_version": "projects/modular-scout-345114/locations/us-central1/keyRings/keyring-example04/cryptoKeys/crypto-key-example/cryptoKeyVersions/1"
              }
            ],
            "labels": null,
            "lifetime": "86400s",
            "location": "us-central1",
            "name": "projects/modular-scout-345114/locations/us-central1/caPools/my-pool03/certificateAuthorities/my-certificate-authority",
            "pem_ca_certificate": null,
            "pem_ca_certificates": [
              "-----BEGIN CERTIFICATE-----\nMIIEGTCCAs2gAwIBAgITbzksJXJKzQuZiT3O7t/e/G6jWjBBBgkqhkiG9w0BAQow\nNKAPMA0GCWCGSAFlAwQCAQUAoRwwGgYJKoZIhvcNAQEIMA0GCWCGSAFlAwQCAQUA\nogMCASAwNzESMBAGA1UEChMJSGFzaGlDb3JwMSEwHwYDVQQDExhteS1jZXJ0aWZp\nY2F0ZS1hdXRob3JpdHkwHhcNMjIwNzE0MTIxOTEwWhcNMjIwNzE1MTIxOTA5WjA3\nMRIwEAYDVQQKEwlIYXNoaUNvcnAxITAfBgNVBAMTGG15LWNlcnRpZmljYXRlLWF1\ndGhvcml0eTCCASIwDQYJKoZIhvcNAQEBBQADggEPADCCAQoCggEBAKttMrXWUUKB\nfo7yZAoPwEzK1AvrBGaSjFhFkHy/Oayh19kKVvxJ0aC6Mm0OHom3uoXxSpLhtIbd\n73ZIvc4AYa816wVYB8H3Git2hnUk2HX5x5sx13s7/tZSXqbxPyK8zeaVQ3Nqaioq\nO/eozgkYnhH5pFkz1pjx0pOkkr9ljfIMmXiIsypH5ci+MiKy/+cUGdM4kMvlEpbl\n4ATd0yh39yclq9kE4U1SjYaFIoa+So0zGK0nmQ2P4pxl9DMoH5SPABlhCRCwsols\nbt8UCh62wztzVv6mgovvbLN1k+IuRtuOBjuLMepiJCCUGyC1ebtoEOFgL+gXhKS6\nst5Ae5oY5D0CAwEAAaOBtTCBsjAPBgNVHQ8BAf8EBQMDB96AMDEGA1UdJQQqMCgG\nCCsGAQUFBwMBBggrBgEFBQcDAwYIKwYBBQUHAwQGCCsGAQUFBwMIMBIGA1UdEwEB\n/wQIMAYBAf8CAQowHQYDVR0OBBYEFLfeN98C1X1pc1CtnsPiNoW0TQXLMB8GA1Ud\nIwQYMBaAFLfeN98C1X1pc1CtnsPiNoW0TQXLMBgGA1UdEQQRMA+CDWhhc2hpY29y\ncC5jb20wQQYJKoZIhvcNAQEKMDSgDzANBglghkgBZQMEAgEFAKEcMBoGCSqGSIb3\nDQEBCDANBglghkgBZQMEAgEFAKIDAgEgA4IBAQBLW8PTPnlnKSeFX8wmiZP7M0ib\ne23Cd36XRWge8DpaFV2JsVpFybVO8mGiVnaOuZjZpcbbNVqqqQEUjd5wYd9e9jd1\nIAhMrctgWL6xYbIJn+qq8rS1IshnU3TPrEnGGPXhMgamMYHH84GXqXb/uW5evLKe\n6SxxMFXX4EwBL6Kow4dBLGnhgbdbX+B4dYN3nSEMtCA6PS1MZArIEiPjU++A1LSR\ncPb9wle4VMXFB4rBAyESi8TPKrOdoko/YYCC+I2Pe7FLcMeEgdJFBOoJXWo2dEM4\novjO5hNL4mGW/7+J1+s5A2aO88P8SMUeU02Cj8w+Sm+E9Dt7+3w7AeYoShJ1\n-----END CERTIFICATE-----\n"
            ],
            "pool": "my-pool03",
            "project": "modular-scout-345114",
            "state": "ENABLED",
            "subordinate_config": [],
            "timeouts": null,
            "type": "SELF_SIGNED",
            "update_time": "2022-07-14T12:19:25.371658317Z"
          },
          "sensitive_attributes": [],
          "private": "eyJlMmJmYjczMC1lY2FhLTExZTYtOGY4OC0zNDM2M2JjN2M0YzAiOnsiY3JlYXRlIjoxMjAwMDAwMDAwMDAwLCJkZWxldGUiOjEyMDAwMDAwMDAwMDAsInVwZGF0ZSI6MTIwMDAwMDAwMDAwMH19",
          "dependencies": [
            "data.google_kms_crypto_key_version.secret_version",
            "google_kms_crypto_key.secret",
            "google_kms_crypto_key_iam_member.cas_kms_signer",
            "google_kms_crypto_key_iam_member.cas_kms_viewer",
            "google_kms_key_ring.keyring",
            "google_privateca_ca_pool.example_ca_pool_enterprise",
            "google_project_service_identity.privateca_sa",
            "google_storage_bucket.cmek_bucket"
          ]
        }
      ]
    },
    {
      "mode": "managed",
      "type": "google_project_service",
      "name": "apis",
      "provider": "provider[\"registry.terraform.io/hashicorp/google\"]",
      "instances": [
        {
          "index_key": "cloudkms.googleapis.com",
          "schema_version": 0,
          "attributes": {
            "disable_dependent_services": null,
            "disable_on_destroy": false,
            "id": "modular-scout-345114/cloudkms.googleapis.com",
            "project": "modular-scout-345114",
            "service": "cloudkms.googleapis.com",
            "timeouts": null
          },
          "sensitive_attributes": [],
          "private": "eyJlMmJmYjczMC1lY2FhLTExZTYtOGY4OC0zNDM2M2JjN2M0YzAiOnsiY3JlYXRlIjoxMjAwMDAwMDAwMDAwLCJkZWxldGUiOjEyMDAwMDAwMDAwMDAsInJlYWQiOjYwMDAwMDAwMDAwMCwidXBkYXRlIjoxMjAwMDAwMDAwMDAwfX0="
        },
        {
          "index_key": "privateca.googleapis.com",
          "schema_version": 0,
          "attributes": {
            "disable_dependent_services": null,
            "disable_on_destroy": false,
            "id": "modular-scout-345114/privateca.googleapis.com",
            "project": "modular-scout-345114",
            "service": "privateca.googleapis.com",
            "timeouts": null
          },
          "sensitive_attributes": [],
          "private": "eyJlMmJmYjczMC1lY2FhLTExZTYtOGY4OC0zNDM2M2JjN2M0YzAiOnsiY3JlYXRlIjoxMjAwMDAwMDAwMDAwLCJkZWxldGUiOjEyMDAwMDAwMDAwMDAsInJlYWQiOjYwMDAwMDAwMDAwMCwidXBkYXRlIjoxMjAwMDAwMDAwMDAwfX0="
        },
        {
          "index_key": "storage.googleapis.com",
          "schema_version": 0,
          "attributes": {
            "disable_dependent_services": null,
            "disable_on_destroy": false,
            "id": "modular-scout-345114/storage.googleapis.com",
            "project": "modular-scout-345114",
            "service": "storage.googleapis.com",
            "timeouts": null
          },
          "sensitive_attributes": [],
          "private": "eyJlMmJmYjczMC1lY2FhLTExZTYtOGY4OC0zNDM2M2JjN2M0YzAiOnsiY3JlYXRlIjoxMjAwMDAwMDAwMDAwLCJkZWxldGUiOjEyMDAwMDAwMDAwMDAsInJlYWQiOjYwMDAwMDAwMDAwMCwidXBkYXRlIjoxMjAwMDAwMDAwMDAwfX0="
        }
      ]
    },
    {
      "mode": "managed",
      "type": "google_project_service_identity",
      "name": "privateca_sa",
      "provider": "provider[\"registry.terraform.io/hashicorp/google-beta\"]",
      "instances": [
        {
          "schema_version": 0,
          "attributes": {
            "email": "service-1080178441487@gcp-sa-privateca.iam.gserviceaccount.com",
            "id": "projects/modular-scout-345114/services/privateca.googleapis.com",
            "project": "modular-scout-345114",
            "service": "privateca.googleapis.com",
            "timeouts": null
          },
          "sensitive_attributes": [],
          "private": "eyJlMmJmYjczMC1lY2FhLTExZTYtOGY4OC0zNDM2M2JjN2M0YzAiOnsiY3JlYXRlIjoxMjAwMDAwMDAwMDAwLCJkZWxldGUiOjEyMDAwMDAwMDAwMDAsInJlYWQiOjYwMDAwMDAwMDAwMH19"
        }
      ]
    },
    {
      "mode": "managed",
      "type": "google_storage_bucket",
      "name": "cmek_bucket",
      "provider": "provider[\"registry.terraform.io/hashicorp/google\"]",
      "instances": [
        {
          "schema_version": 0,
          "attributes": {
            "cors": [],
            "default_event_based_hold": false,
            "encryption": [],
            "force_destroy": true,
            "id": "default203",
            "labels": null,
            "lifecycle_rule": [],
            "location": "US-CENTRAL1",
            "logging": [],
            "name": "default203",
            "project": "modular-scout-345114",
            "requester_pays": false,
            "retention_policy": [],
            "self_link": "https://www.googleapis.com/storage/v1/b/default203",
            "storage_class": "STANDARD",
            "timeouts": null,
            "uniform_bucket_level_access": false,
            "url": "gs://default203",
            "versioning": [],
            "website": []
          },
          "sensitive_attributes": [],
          "private": "eyJlMmJmYjczMC1lY2FhLTExZTYtOGY4OC0zNDM2M2JjN2M0YzAiOnsiY3JlYXRlIjoyNDAwMDAwMDAwMDAsInJlYWQiOjI0MDAwMDAwMDAwMCwidXBkYXRlIjoyNDAwMDAwMDAwMDB9fQ=="
        }
      ]
    },
    {
      "mode": "managed",
      "type": "google_storage_bucket_iam_member",
      "name": "cas_bucket_object_writer",
      "provider": "provider[\"registry.terraform.io/hashicorp/google\"]",
      "instances": [
        {
          "schema_version": 0,
          "attributes": {
            "bucket": "b/default203",
            "condition": [],
            "etag": "CAM=",
            "id": "b/default203/roles/storage.objectAdmin/serviceAccount:service-1080178441487@gcp-sa-privateca.iam.gserviceaccount.com",
            "member": "serviceAccount:service-1080178441487@gcp-sa-privateca.iam.gserviceaccount.com",
            "role": "roles/storage.objectAdmin"
          },
          "sensitive_attributes": [],
          "private": "bnVsbA==",
          "dependencies": [
            "google_project_service_identity.privateca_sa",
            "google_storage_bucket.cmek_bucket"
          ]
        }
      ]
    },
    {
      "mode": "managed",
      "type": "google_storage_bucket_iam_member",
      "name": "cas_bucket_reader",
      "provider": "provider[\"registry.terraform.io/hashicorp/google\"]",
      "instances": [
        {
          "schema_version": 0,
          "attributes": {
            "bucket": "b/default203",
            "condition": [],
            "etag": "CAM=",
            "id": "b/default203/roles/storage.legacyBucketReader/serviceAccount:service-1080178441487@gcp-sa-privateca.iam.gserviceaccount.com",
            "member": "serviceAccount:service-1080178441487@gcp-sa-privateca.iam.gserviceaccount.com",
            "role": "roles/storage.legacyBucketReader"
          },
          "sensitive_attributes": [],
          "private": "bnVsbA==",
          "dependencies": [
            "google_project_service_identity.privateca_sa",
            "google_storage_bucket.cmek_bucket"
          ]
        }
      ]
    }
  ]
}
