{
  "version": 4,
  "terraform_version": "0.14.6",
  "serial": 7,
  "lineage": "8aca8a3c-4b89-8494-f1d1-6e2d789e8ba2",
  "outputs": {},
  "resources": [
    {
      "mode": "data",
      "type": "google_kms_crypto_key_version",
      "name": "secret_version",
      "provider": "provider[\"registry.terraform.io/hashicorp/google\"]",
      "instances": []
    },
    {
      "mode": "managed",
      "type": "google_kms_crypto_key",
      "name": "secret",
      "provider": "provider[\"registry.terraform.io/hashicorp/google\"]",
      "instances": []
    },
    {
      "mode": "managed",
      "type": "google_kms_crypto_key_iam_member",
      "name": "cas_kms_signer",
      "provider": "provider[\"registry.terraform.io/hashicorp/google\"]",
      "instances": []
    },
    {
      "mode": "managed",
      "type": "google_kms_crypto_key_iam_member",
      "name": "cas_kms_viewer",
      "provider": "provider[\"registry.terraform.io/hashicorp/google\"]",
      "instances": []
    },
    {
      "mode": "managed",
      "type": "google_privateca_ca_pool",
      "name": "example_ca_pool_enterprise",
      "provider": "provider[\"registry.terraform.io/hashicorp/google\"]",
      "instances": [
        {
          "schema_version": 0,
          "attributes": {
            "id": "projects/modular-scout-345114/locations/us-central1/caPools/my-pool03",
            "issuance_policy": [
              {
                "allowed_issuance_modes": [
                  {
                    "allow_config_based_issuance": true,
                    "allow_csr_based_issuance": true
                  }
                ],
                "allowed_key_types": [
                  {
                    "elliptic_curve": [
                      {
                        "signature_algorithm": "ECDSA_P256"
                      }
                    ],
                    "rsa": []
                  },
                  {
                    "elliptic_curve": [],
                    "rsa": [
                      {
                        "max_modulus_size": "10",
                        "min_modulus_size": "5"
                      }
                    ]
                  }
                ],
                "baseline_values": [
                  {
                    "additional_extensions": [
                      {
                        "critical": true,
                        "object_id": [
                          {
                            "object_id_path": [
                              1,
                              7
                            ]
                          }
                        ],
                        "value": "asdf"
                      }
                    ],
                    "aia_ocsp_servers": [
                      "example.com"
                    ],
                    "ca_options": [
                      {
                        "is_ca": true,
                        "max_issuer_path_length": 10,
                        "non_ca": false,
                        "zero_max_issuer_path_length": false
                      }
                    ],
                    "key_usage": [
                      {
                        "base_key_usage": [
                          {
                            "cert_sign": false,
                            "content_commitment": true,
                            "crl_sign": true,
                            "data_encipherment": true,
                            "decipher_only": true,
                            "digital_signature": true,
                            "encipher_only": false,
                            "key_agreement": true,
                            "key_encipherment": false
                          }
                        ],
                        "extended_key_usage": [
                          {
                            "client_auth": false,
                            "code_signing": true,
                            "email_protection": true,
                            "ocsp_signing": false,
                            "server_auth": true,
                            "time_stamping": true
                          }
                        ],
                        "unknown_extended_key_usages": []
                      }
                    ],
                    "policy_ids": [
                      {
                        "object_id_path": [
                          1,
                          5
                        ]
                      },
                      {
                        "object_id_path": [
                          1,
                          5,
                          7
                        ]
                      }
                    ]
                  }
                ],
                "identity_constraints": [
                  {
                    "allow_subject_alt_names_passthrough": true,
                    "allow_subject_passthrough": true,
                    "cel_expression": [
                      {
                        "description": "",
                        "expression": "subject_alt_names.all(san, san.type == DNS || san.type == EMAIL )",
                        "location": "",
                        "title": "My title"
                      }
                    ]
                  }
                ],
                "maximum_lifetime": "50000s"
              }
            ],
            "labels": {
              "foo": "bar"
            },
            "location": "us-central1",
            "name": "my-pool03",
            "project": "modular-scout-345114",
            "publishing_options": [
              {
                "publish_ca_cert": false,
                "publish_crl": true
              }
            ],
            "tier": "ENTERPRISE",
            "timeouts": null
          },
          "sensitive_attributes": [],
          "private": "eyJlMmJmYjczMC1lY2FhLTExZTYtOGY4OC0zNDM2M2JjN2M0YzAiOnsiY3JlYXRlIjoxMjAwMDAwMDAwMDAwLCJkZWxldGUiOjEyMDAwMDAwMDAwMDAsInVwZGF0ZSI6MTIwMDAwMDAwMDAwMH19"
        }
      ]
    },
    {
      "mode": "managed",
      "type": "google_privateca_ca_pool_iam_member",
      "name": "policy",
      "provider": "provider[\"registry.terraform.io/hashicorp/google\"]",
      "instances": [
        {
          "schema_version": 0,
          "attributes": {
            "ca_pool": "projects/modular-scout-345114/locations/us-central1/caPools/my-pool03",
            "condition": [],
            "etag": "BwXjwuDS+pM=",
            "id": "projects/modular-scout-345114/locations/us-central1/caPools/my-pool03/roles/privateca.certificateManager/serviceAccount:service-1080178441487@gcp-sa-privateca.iam.gserviceaccount.com",
            "location": "us-central1",
            "member": "serviceAccount:service-1080178441487@gcp-sa-privateca.iam.gserviceaccount.com",
            "project": "modular-scout-345114",
            "role": "roles/privateca.certificateManager"
          },
          "sensitive_attributes": [],
          "private": "bnVsbA==",
          "dependencies": [
            "google_privateca_ca_pool.example_ca_pool_enterprise",
            "google_project_service_identity.privateca_sa"
          ]
        }
      ]
    },
    {
      "mode": "managed",
      "type": "google_privateca_certificate_authority",
      "name": "default",
      "provider": "provider[\"registry.terraform.io/hashicorp/google\"]",
      "instances": []
    },
    {
      "mode": "managed",
      "type": "google_project_service",
      "name": "apis",
      "provider": "provider[\"registry.terraform.io/hashicorp/google\"]",
      "instances": [
        {
          "index_key": "cloudkms.googleapis.com",
          "schema_version": 0,
          "attributes": {
            "disable_dependent_services": null,
            "disable_on_destroy": false,
            "id": "modular-scout-345114/cloudkms.googleapis.com",
            "project": "modular-scout-345114",
            "service": "cloudkms.googleapis.com",
            "timeouts": null
          },
          "sensitive_attributes": [],
          "private": "eyJlMmJmYjczMC1lY2FhLTExZTYtOGY4OC0zNDM2M2JjN2M0YzAiOnsiY3JlYXRlIjoxMjAwMDAwMDAwMDAwLCJkZWxldGUiOjEyMDAwMDAwMDAwMDAsInJlYWQiOjYwMDAwMDAwMDAwMCwidXBkYXRlIjoxMjAwMDAwMDAwMDAwfX0="
        },
        {
          "index_key": "privateca.googleapis.com",
          "schema_version": 0,
          "attributes": {
            "disable_dependent_services": null,
            "disable_on_destroy": false,
            "id": "modular-scout-345114/privateca.googleapis.com",
            "project": "modular-scout-345114",
            "service": "privateca.googleapis.com",
            "timeouts": null
          },
          "sensitive_attributes": [],
          "private": "eyJlMmJmYjczMC1lY2FhLTExZTYtOGY4OC0zNDM2M2JjN2M0YzAiOnsiY3JlYXRlIjoxMjAwMDAwMDAwMDAwLCJkZWxldGUiOjEyMDAwMDAwMDAwMDAsInJlYWQiOjYwMDAwMDAwMDAwMCwidXBkYXRlIjoxMjAwMDAwMDAwMDAwfX0="
        },
        {
          "index_key": "storage.googleapis.com",
          "schema_version": 0,
          "attributes": {
            "disable_dependent_services": null,
            "disable_on_destroy": false,
            "id": "modular-scout-345114/storage.googleapis.com",
            "project": "modular-scout-345114",
            "service": "storage.googleapis.com",
            "timeouts": null
          },
          "sensitive_attributes": [],
          "private": "eyJlMmJmYjczMC1lY2FhLTExZTYtOGY4OC0zNDM2M2JjN2M0YzAiOnsiY3JlYXRlIjoxMjAwMDAwMDAwMDAwLCJkZWxldGUiOjEyMDAwMDAwMDAwMDAsInJlYWQiOjYwMDAwMDAwMDAwMCwidXBkYXRlIjoxMjAwMDAwMDAwMDAwfX0="
        }
      ]
    },
    {
      "mode": "managed",
      "type": "google_project_service_identity",
      "name": "privateca_sa",
      "provider": "provider[\"registry.terraform.io/hashicorp/google-beta\"]",
      "instances": [
        {
          "schema_version": 0,
          "attributes": {
            "email": "service-1080178441487@gcp-sa-privateca.iam.gserviceaccount.com",
            "id": "projects/modular-scout-345114/services/privateca.googleapis.com",
            "project": "modular-scout-345114",
            "service": "privateca.googleapis.com",
            "timeouts": null
          },
          "sensitive_attributes": [],
          "private": "eyJlMmJmYjczMC1lY2FhLTExZTYtOGY4OC0zNDM2M2JjN2M0YzAiOnsiY3JlYXRlIjoxMjAwMDAwMDAwMDAwLCJkZWxldGUiOjEyMDAwMDAwMDAwMDAsInJlYWQiOjYwMDAwMDAwMDAwMH19"
        }
      ]
    },
    {
      "mode": "managed",
      "type": "google_storage_bucket_iam_member",
      "name": "cas_bucket_object_writer",
      "provider": "provider[\"registry.terraform.io/hashicorp/google\"]",
      "instances": []
    },
    {
      "mode": "managed",
      "type": "google_storage_bucket_iam_member",
      "name": "cas_bucket_reader",
      "provider": "provider[\"registry.terraform.io/hashicorp/google\"]",
      "instances": []
    }
  ]
}
